
Microsoft Visual Studio Solution File, Format Version 12.00
# Visual Studio Version 17
VisualStudioVersion = 17.9.34728.123
MinimumVisualStudioVersion = 10.0.40219.1
Project("{FAE04EC0-301F-11D3-BF4B-00C04F79EFBC}") = "FemiSQLITE", "FemiSQLITE\FemiSQLITE.csproj", "{A13155B7-D41D-4802-B084-B7A7A9945936}"
EndProject
Global
	GlobalSection(SolutionConfigurationPlatforms) = preSolution
		Debug|Any CPU = Debug|Any CPU
		Release|Any CPU = Release|Any CPU
	EndGlobalSection
	GlobalSection(ProjectConfigurationPlatforms) = postSolution
		{A13155B7-D41D-4802-B084-B7A7A9945936}.Debug|Any CPU.ActiveCfg = Debug|Any CPU
		{A13155B7-D41D-4802-B084-B7A7A9945936}.Debug|Any CPU.Build.0 = Debug|Any CPU
		{A13155B7-D41D-4802-B084-B7A7A9945936}.Debug|Any CPU.Deploy.0 = Debug|Any CPU
		{A13155B7-D41D-4802-B084-B7A7A9945936}.Release|Any CPU.ActiveCfg = Release|Any CPU
		{A13155B7-D41D-4802-B084-B7A7A9945936}.Release|Any CPU.Build.0 = Release|Any CPU
		{A13155B7-D41D-4802-B084-B7A7A9945936}.Release|Any CPU.Deploy.0 = Release|Any CPU
	EndGlobalSection
	GlobalSection(SolutionProperties) = preSolution
		HideSolutionNode = FALSE
	EndGlobalSection
	GlobalSection(ExtensibilityGlobals) = postSolution
		SolutionGuid = {86B3C484-F692-4B3A-BF94-F128A35F4999}
	EndGlobalSection
EndGlobal
